
Microsoft Visual Studio Solution File, Format Version 12.00
# Visual Studio Version 16
VisualStudioVersion = 16.0.31025.218
MinimumVisualStudioVersion = 10.0.40219.1
Project("{FAE04EC0-301F-11D3-BF4B-00C04F79EFBC}") = "RaceConditionExample", "RaceConditionExample.csproj", "{215B92F9-4839-4CDA-B8AA-3C327AC5422E}"
EndProject
Global
	GlobalSection(SolutionConfigurationPlatforms) = preSolution
		Debug|Any CPU = Debug|Any CPU
		Release|Any CPU = Release|Any CPU
	EndGlobalSection
	GlobalSection(ProjectConfigurationPlatforms) = postSolution
		{215B92F9-4839-4CDA-B8AA-3C327AC5422E}.Debug|Any CPU.ActiveCfg = Debug|Any CPU
		{215B92F9-4839-4CDA-B8AA-3C327AC5422E}.Debug|Any CPU.Build.0 = Debug|Any CPU
		{215B92F9-4839-4CDA-B8AA-3C327AC5422E}.Release|Any CPU.ActiveCfg = Release|Any CPU
		{215B92F9-4839-4CDA-B8AA-3C327AC5422E}.Release|Any CPU.Build.0 = Release|Any CPU
	EndGlobalSection
	GlobalSection(SolutionProperties) = preSolution
		HideSolutionNode = FALSE
	EndGlobalSection
	GlobalSection(ExtensibilityGlobals) = postSolution
		SolutionGuid = {EEB177EA-368C-4883-8585-5A6E9C1BBAD4}
	EndGlobalSection
EndGlobal
